
Microsoft Visual Studio Solution File, Format Version 12.00
# Visual Studio Version 17
VisualStudioVersion = 17.11.35327.3
MinimumVisualStudioVersion = 10.0.40219.1
Project("{FAE04EC0-301F-11D3-BF4B-00C04F79EFBC}") = "Api_Front", "Api_Front\Api_Front.csproj", "{A59A1BE8-2637-4CB8-A774-6EE346E489B7}"
EndProject
Global
	GlobalSection(SolutionConfigurationPlatforms) = preSolution
		Debug|Any CPU = Debug|Any CPU
		Release|Any CPU = Release|Any CPU
	EndGlobalSection
	GlobalSection(ProjectConfigurationPlatforms) = postSolution
		{A59A1BE8-2637-4CB8-A774-6EE346E489B7}.Debug|Any CPU.ActiveCfg = Debug|Any CPU
		{A59A1BE8-2637-4CB8-A774-6EE346E489B7}.Debug|Any CPU.Build.0 = Debug|Any CPU
		{A59A1BE8-2637-4CB8-A774-6EE346E489B7}.Release|Any CPU.ActiveCfg = Release|Any CPU
		{A59A1BE8-2637-4CB8-A774-6EE346E489B7}.Release|Any CPU.Build.0 = Release|Any CPU
	EndGlobalSection
	GlobalSection(SolutionProperties) = preSolution
		HideSolutionNode = FALSE
	EndGlobalSection
	GlobalSection(ExtensibilityGlobals) = postSolution
		SolutionGuid = {ADAB5C8D-B5DA-4074-BA8F-688D50BDCAE7}
	EndGlobalSection
EndGlobal
