
Microsoft Visual Studio Solution File, Format Version 12.00
# Visual Studio Version 17
VisualStudioVersion = 17.11.35327.3
MinimumVisualStudioVersion = 10.0.40219.1
Project("{FAE04EC0-301F-11D3-BF4B-00C04F79EFBC}") = "Biblio_back", "Biblio_back\Biblio_back.csproj", "{46ECB4B2-40EA-4734-B963-AC59714C4598}"
EndProject
Global
	GlobalSection(SolutionConfigurationPlatforms) = preSolution
		Debug|Any CPU = Debug|Any CPU
		Release|Any CPU = Release|Any CPU
	EndGlobalSection
	GlobalSection(ProjectConfigurationPlatforms) = postSolution
		{46ECB4B2-40EA-4734-B963-AC59714C4598}.Debug|Any CPU.ActiveCfg = Debug|Any CPU
		{46ECB4B2-40EA-4734-B963-AC59714C4598}.Debug|Any CPU.Build.0 = Debug|Any CPU
		{46ECB4B2-40EA-4734-B963-AC59714C4598}.Release|Any CPU.ActiveCfg = Release|Any CPU
		{46ECB4B2-40EA-4734-B963-AC59714C4598}.Release|Any CPU.Build.0 = Release|Any CPU
	EndGlobalSection
	GlobalSection(SolutionProperties) = preSolution
		HideSolutionNode = FALSE
	EndGlobalSection
	GlobalSection(ExtensibilityGlobals) = postSolution
		SolutionGuid = {0649A915-EAC7-4D46-962E-3182BFDB5DD1}
	EndGlobalSection
EndGlobal
